
Microsoft Visual Studio Solution File, Format Version 12.00
# Visual Studio Version 16
VisualStudioVersion = 16.0.30907.101
MinimumVisualStudioVersion = 10.0.40219.1
Project("{FAE04EC0-301F-11D3-BF4B-00C04F79EFBC}") = "WindowsFormsApp1", "WindowsFormsApp1\WindowsFormsApp1.csproj", "{952D9F8E-C3BB-422D-A9FA-26F233C90F60}"
EndProject
Global
	GlobalSection(SolutionConfigurationPlatforms) = preSolution
		Debug|Any CPU = Debug|Any CPU
		Release|Any CPU = Release|Any CPU
	EndGlobalSection
	GlobalSection(ProjectConfigurationPlatforms) = postSolution
		{952D9F8E-C3BB-422D-A9FA-26F233C90F60}.Debug|Any CPU.ActiveCfg = Debug|Any CPU
		{952D9F8E-C3BB-422D-A9FA-26F233C90F60}.Debug|Any CPU.Build.0 = Debug|Any CPU
		{952D9F8E-C3BB-422D-A9FA-26F233C90F60}.Release|Any CPU.ActiveCfg = Release|Any CPU
		{952D9F8E-C3BB-422D-A9FA-26F233C90F60}.Release|Any CPU.Build.0 = Release|Any CPU
	EndGlobalSection
	GlobalSection(SolutionProperties) = preSolution
		HideSolutionNode = FALSE
	EndGlobalSection
	GlobalSection(ExtensibilityGlobals) = postSolution
		SolutionGuid = {3ED3A433-92D7-4F45-9CCA-E4BD1ACB2FCD}
	EndGlobalSection
EndGlobal
